{
  "version": 4,
  "terraform_version": "0.12.26",
  "serial": 39,
  "lineage": "bfbd130e-14da-a3bc-3939-5409203f05a8",
  "outputs": {},
  "resources": [
    {
      "mode": "managed",
      "type": "google_compute_firewall",
      "name": "default",
      "provider": "provider.google",
      "instances": [
        {
          "schema_version": 1,
          "attributes": {
            "allow": [
              {
                "ports": [
                  "80",
                  "22"
                ],
                "protocol": "tcp"
              }
            ],
            "creation_timestamp": "2020-06-30T23:47:49.173-07:00",
            "deny": [],
            "description": "",
            "destination_ranges": [],
            "direction": "INGRESS",
            "disabled": false,
            "enable_logging": false,
            "id": "projects/sturdy-mode-282002/global/firewalls/test-firewall",
            "name": "test-firewall",
            "network": "https://www.googleapis.com/compute/v1/projects/sturdy-mode-282002/global/networks/test-network1",
            "priority": 1000,
            "project": "sturdy-mode-282002",
            "self_link": "https://www.googleapis.com/compute/v1/projects/sturdy-mode-282002/global/firewalls/test-firewall",
            "source_ranges": [
              "102.129.121.173/32",
              "104.56.114.248/32",
              "124.123.169.253/32",
              "192.195.81.38/32",
              "198.144.216.128/32"
            ],
            "source_service_accounts": null,
            "source_tags": [
              "test-webserver"
            ],
            "target_service_accounts": null,
            "target_tags": null,
            "timeouts": null
          },
          "private": "eyJlMmJmYjczMC1lY2FhLTExZTYtOGY4OC0zNDM2M2JjN2M0YzAiOnsiY3JlYXRlIjoyNDAwMDAwMDAwMDAsImRlbGV0ZSI6MjQwMDAwMDAwMDAwLCJ1cGRhdGUiOjI0MDAwMDAwMDAwMH0sInNjaGVtYV92ZXJzaW9uIjoiMSJ9",
          "dependencies": [
            "google_compute_network.default"
          ]
        }
      ]
    },
    {
      "mode": "managed",
      "type": "google_compute_instance",
      "name": "vm_instance",
      "provider": "provider.google",
      "instances": [
        {
          "schema_version": 6,
          "attributes": {
            "allow_stopping_for_update": null,
            "attached_disk": [],
            "boot_disk": [
              {
                "auto_delete": true,
                "device_name": "persistent-disk-0",
                "disk_encryption_key_raw": "",
                "disk_encryption_key_sha256": "",
                "initialize_params": [
                  {
                    "image": "https://www.googleapis.com/compute/v1/projects/ubuntu-os-cloud/global/images/ubuntu-1604-xenial-v20200611",
                    "labels": {},
                    "size": 10,
                    "type": "pd-standard"
                  }
                ],
                "kms_key_self_link": "",
                "mode": "READ_WRITE",
                "source": "https://www.googleapis.com/compute/v1/projects/sturdy-mode-282002/zones/us-central1-c/disks/terraform-instance"
              }
            ],
            "can_ip_forward": false,
            "cpu_platform": "Intel Haswell",
            "current_status": "RUNNING",
            "deletion_protection": false,
            "description": "",
            "desired_status": null,
            "enable_display": false,
            "guest_accelerator": [],
            "hostname": "",
            "id": "projects/sturdy-mode-282002/zones/us-central1-c/instances/terraform-instance",
            "instance_id": "3395002762936815480",
            "label_fingerprint": "42WmSpB8rSM=",
            "labels": null,
            "machine_type": "f1-micro",
            "metadata": {
              "ssh-keys": "ubuntu:ssh-rsa AAAAB3NzaC1yc2EAAAADAQABAAABAQDmtjvIbgMOkG7H4UY7/jG+EGrvG/BCDHokukKmYHOqUSQWp6XPDUk3DVzZaMKJARnBNxY/HnRxK96j3aZRVFxYj4cve7bpLeHb60qVKOKFwfbeCFtJH8QmFgzkfmFrN2lon8PSlzOSFgQxAluq21OQ3IIvCRdZ5A1MneAh3kSNrQaV6s5RO+PCR8QjfDad+R+tZSAQENeExf94Ek6y19iZ17FhGZXbTPhjYrfuDmmn3DSMRlvMIzOcpKkEOXxF2WQiVLXP//3NFD7LnqkU3G9TuiMHuvt0owJbXZBhVwLN7oweECAmEtqhT7o8yaQu2upeX5nmHtFmd72NPmrE0r09 suman@suman\n"
            },
            "metadata_fingerprint": "CuriOGc-NfQ=",
            "metadata_startup_script": "",
            "min_cpu_platform": "",
            "name": "terraform-instance",
            "network_interface": [
              {
                "access_config": [
                  {
                    "nat_ip": "35.238.224.236",
                    "network_tier": "PREMIUM",
                    "public_ptr_domain_name": ""
                  }
                ],
                "alias_ip_range": [],
                "name": "nic0",
                "network": "https://www.googleapis.com/compute/v1/projects/sturdy-mode-282002/global/networks/test-network1",
                "network_ip": "10.128.0.2",
                "subnetwork": "https://www.googleapis.com/compute/v1/projects/sturdy-mode-282002/regions/us-central1/subnetworks/test-network1",
                "subnetwork_project": "sturdy-mode-282002"
              }
            ],
            "project": "sturdy-mode-282002",
            "resource_policies": null,
            "scheduling": [
              {
                "automatic_restart": true,
                "node_affinities": [],
                "on_host_maintenance": "MIGRATE",
                "preemptible": false
              }
            ],
            "scratch_disk": [],
            "self_link": "https://www.googleapis.com/compute/v1/projects/sturdy-mode-282002/zones/us-central1-c/instances/terraform-instance",
            "service_account": [],
            "shielded_instance_config": [
              {
                "enable_integrity_monitoring": true,
                "enable_secure_boot": false,
                "enable_vtpm": true
              }
            ],
            "tags": [
              "test-webserver"
            ],
            "tags_fingerprint": "AKRsYlfYIhY=",
            "timeouts": null,
            "zone": "us-central1-c"
          },
          "private": "eyJlMmJmYjczMC1lY2FhLTExZTYtOGY4OC0zNDM2M2JjN2M0YzAiOnsiY3JlYXRlIjoxMjAwMDAwMDAwMDAwLCJkZWxldGUiOjEyMDAwMDAwMDAwMDAsInVwZGF0ZSI6MTIwMDAwMDAwMDAwMH0sInNjaGVtYV92ZXJzaW9uIjoiNiJ9",
          "dependencies": [
            "google_compute_network.default"
          ]
        }
      ]
    },
    {
      "mode": "managed",
      "type": "google_compute_network",
      "name": "default",
      "provider": "provider.google",
      "instances": [
        {
          "schema_version": 0,
          "attributes": {
            "auto_create_subnetworks": true,
            "delete_default_routes_on_create": false,
            "description": "",
            "gateway_ipv4": "",
            "id": "projects/sturdy-mode-282002/global/networks/test-network1",
            "ipv4_range": null,
            "name": "test-network1",
            "project": "sturdy-mode-282002",
            "routing_mode": "REGIONAL",
            "self_link": "https://www.googleapis.com/compute/v1/projects/sturdy-mode-282002/global/networks/test-network1",
            "timeouts": null
          },
          "private": "eyJlMmJmYjczMC1lY2FhLTExZTYtOGY4OC0zNDM2M2JjN2M0YzAiOnsiY3JlYXRlIjoyNDAwMDAwMDAwMDAsImRlbGV0ZSI6MjQwMDAwMDAwMDAwLCJ1cGRhdGUiOjI0MDAwMDAwMDAwMH19"
        }
      ]
    }
  ]
}
