{
  "version": 4,
  "terraform_version": "0.12.26",
  "serial": 7,
  "lineage": "96991d5a-9629-6bb6-7bc6-1a768163957b",
  "outputs": {
    "kubernetes_cluster_name": {
      "value": "sturdy-mode-282002-gke",
      "type": "string"
    }
  },
  "resources": [
    {
      "mode": "managed",
      "type": "google_container_cluster",
      "name": "primary",
      "provider": "provider.google",
      "instances": [
        {
          "schema_version": 1,
          "attributes": {
            "additional_zones": [],
            "addons_config": [
              {
                "cloudrun_config": [],
                "horizontal_pod_autoscaling": [],
                "http_load_balancing": [],
                "kubernetes_dashboard": [],
                "network_policy_config": [
                  {
                    "disabled": true
                  }
                ]
              }
            ],
            "authenticator_groups_config": [],
            "cluster_autoscaling": [
              {
                "auto_provisioning_defaults": [],
                "enabled": false,
                "resource_limits": []
              }
            ],
            "cluster_ipv4_cidr": "10.32.0.0/14",
            "default_max_pods_per_node": null,
            "description": "",
            "enable_binary_authorization": false,
            "enable_intranode_visibility": null,
            "enable_kubernetes_alpha": false,
            "enable_legacy_abac": false,
            "enable_shielded_nodes": false,
            "enable_tpu": null,
            "endpoint": "34.67.16.215",
            "id": "projects/sturdy-mode-282002/locations/us-central1/clusters/sturdy-mode-282002-gke",
            "initial_node_count": 1,
            "instance_group_urls": [],
            "ip_allocation_policy": [],
            "label_fingerprint": "a9dc16a7",
            "location": "us-central1",
            "logging_service": "logging.googleapis.com/kubernetes",
            "maintenance_policy": [],
            "master_auth": [
              {
                "client_certificate": "",
                "client_certificate_config": [
                  {
                    "issue_client_certificate": false
                  }
                ],
                "client_key": "",
                "cluster_ca_certificate": "LS0tLS1CRUdJTiBDRVJUSUZJQ0FURS0tLS0tCk1JSURDekNDQWZPZ0F3SUJBZ0lRSU9Scm9mcTZRS0J5bVFDMVB0RGtyREFOQmdrcWhraUc5dzBCQVFzRkFEQXYKTVMwd0t3WURWUVFERXlReU5ERTNNelEzTWkwMlpHRTVMVFE0WWpNdFlqTmtaUzFqTVRjeVl6WTROV0V4TUdFdwpIaGNOTWpBd056QXhNRFl3T0RJeldoY05NalV3TmpNd01EY3dPREl6V2pBdk1TMHdLd1lEVlFRREV5UXlOREUzCk16UTNNaTAyWkdFNUxUUTRZak10WWpOa1pTMWpNVGN5WXpZNE5XRXhNR0V3Z2dFaU1BMEdDU3FHU0liM0RRRUIKQVFVQUE0SUJEd0F3Z2dFS0FvSUJBUUNpNm9VTUxUc1E3WTcxL1UyUHZHcitER3UxYTRWaCtCL3dERGlzNUdJMQpDNzkraW1MWU9mdGg2cDdsOWQxQU16ZlRWTnJ0aDlZRGJ3UlJNYUNoZDVPbUs0K3lHNWFoMlB1bFp0d200U3VnCkk4T3VjdTNLVXpzSHVzNnBPWGczbHRlcmJSZjJTd2I2bGxYZVBLMTZaNFFucWVCbmhGdjFEOGp0RnRiL3lFeTgKWWpTbEIrNjVFYUNVdlk2cERMZjcxaSt6THZHUGovQzNwUExxNUJ1dGRxbFNSamJjekd5YVJjVkFELzV4N2hjMwpzK01ma01DZHZucDJMTm5PZ1BWTVVzb3hXMXRyaHlEZ3IzZGkyOFprR0QxeHdUWG5FODV2eEwwNjQzZUxRSXBRCi9DYWlJdkVJZTllOHBQeDBEc05UTmFmQjlYMVlKZ0ZHeG9uc0xlVFo0ejcvQWdNQkFBR2pJekFoTUE0R0ExVWQKRHdFQi93UUVBd0lDQkRBUEJnTlZIUk1CQWY4RUJUQURBUUgvTUEwR0NTcUdTSWIzRFFFQkN3VUFBNElCQVFCagpVV1BXTUg0V0JvYXh6NDhYWnd2cXFXa2dteWFrRldEaHlnbm83RUFrVjFIU05Wd29PdjdRZlhyOVNkQ3pPT3ZSCm9Ea0pWZFhERXZZajNwcHUxampxSDVOVVY0NjJJVmoyc3VLK1N1TitaMC8rMmNzekVaZHBrOFRuY1hwaUxBN3gKMnU2ZzNIUjd6dDhOcXNqTzdtWXFCNmp3bFc2dlFuV0JWVUhldGt2TlFRNzBuZG5FbkFWY0s0V09ZYTNlTzJlUwpTVHUzQzM0dCtOM2dnNUtrcWN5d1VFZ2pURmpMcmdYVFdrRnBmMU9ybVlBL2RGOUp2R0dWd2FFdjI2N1NVd09KClNvYmpZc1lCdUgreE44eDdtWUgyRE9wNFlkOHNVVVU5eVdqRTBKQlFFWXl2d2dGeUlnUUhLbkVXSzhDVVE2ZkkKZlhqYzhLS281QzJBQUc3RDBEZEIKLS0tLS1FTkQgQ0VSVElGSUNBVEUtLS0tLQo=",
                "password": "sumanmartha_1234",
                "username": "sumanmartha"
              }
            ],
            "master_authorized_networks_config": [],
            "master_version": "1.14.10-gke.36",
            "min_master_version": null,
            "monitoring_service": "monitoring.googleapis.com/kubernetes",
            "name": "sturdy-mode-282002-gke",
            "network": "projects/sturdy-mode-282002/global/networks/default",
            "network_policy": [
              {
                "enabled": false,
                "provider": "PROVIDER_UNSPECIFIED"
              }
            ],
            "node_config": [],
            "node_locations": [
              "us-central1-a",
              "us-central1-b",
              "us-central1-c"
            ],
            "node_pool": [],
            "node_version": "1.14.10-gke.36",
            "operation": null,
            "pod_security_policy_config": null,
            "private_cluster_config": [],
            "project": "sturdy-mode-282002",
            "region": null,
            "remove_default_node_pool": true,
            "resource_labels": null,
            "resource_usage_export_config": [],
            "services_ipv4_cidr": "10.35.240.0/20",
            "subnetwork": "projects/sturdy-mode-282002/regions/us-central1/subnetworks/default",
            "timeouts": null,
            "vertical_pod_autoscaling": [],
            "workload_identity_config": [],
            "zone": null
          },
          "private": "eyJlMmJmYjczMC1lY2FhLTExZTYtOGY4OC0zNDM2M2JjN2M0YzAiOnsiY3JlYXRlIjoyNDAwMDAwMDAwMDAwLCJkZWxldGUiOjI0MDAwMDAwMDAwMDAsInJlYWQiOjI0MDAwMDAwMDAwMDAsInVwZGF0ZSI6MzYwMDAwMDAwMDAwMH0sInNjaGVtYV92ZXJzaW9uIjoiMSJ9"
        }
      ]
    },
    {
      "mode": "managed",
      "type": "google_container_node_pool",
      "name": "primary_nodes",
      "provider": "provider.google",
      "instances": [
        {
          "schema_version": 1,
          "attributes": {
            "autoscaling": [],
            "cluster": "sturdy-mode-282002-gke",
            "id": "projects/sturdy-mode-282002/locations/us-central1/clusters/sturdy-mode-282002-gke/nodePools/sturdy-mode-282002-gke-node-pool",
            "initial_node_count": 1,
            "instance_group_urls": [
              "https://www.googleapis.com/compute/v1/projects/sturdy-mode-282002/zones/us-central1-b/instanceGroupManagers/gke-sturdy-mode-2820-sturdy-mode-2820-6be784c1-grp",
              "https://www.googleapis.com/compute/v1/projects/sturdy-mode-282002/zones/us-central1-a/instanceGroupManagers/gke-sturdy-mode-2820-sturdy-mode-2820-dacffc3f-grp",
              "https://www.googleapis.com/compute/v1/projects/sturdy-mode-282002/zones/us-central1-c/instanceGroupManagers/gke-sturdy-mode-2820-sturdy-mode-2820-8f8320e3-grp"
            ],
            "location": "us-central1",
            "management": [
              {
                "auto_repair": true,
                "auto_upgrade": true
              }
            ],
            "max_pods_per_node": null,
            "name": "sturdy-mode-282002-gke-node-pool",
            "name_prefix": "",
            "node_config": [
              {
                "disk_size_gb": 100,
                "disk_type": "pd-standard",
                "guest_accelerator": [],
                "image_type": "COS",
                "labels": {
                  "env": "sturdy-mode-282002"
                },
                "local_ssd_count": 0,
                "machine_type": "n1-standard-1",
                "metadata": {
                  "disable-legacy-endpoints": "true"
                },
                "min_cpu_platform": "",
                "oauth_scopes": [
                  "https://www.googleapis.com/auth/logging.write",
                  "https://www.googleapis.com/auth/monitoring"
                ],
                "preemptible": false,
                "sandbox_config": [],
                "service_account": "default",
                "shielded_instance_config": [
                  {
                    "enable_integrity_monitoring": true,
                    "enable_secure_boot": false
                  }
                ],
                "tags": [
                  "gke-node",
                  "sturdy-mode-282002-gke"
                ],
                "taint": [],
                "workload_metadata_config": []
              }
            ],
            "node_count": 1,
            "node_locations": [
              "us-central1-a",
              "us-central1-b",
              "us-central1-c"
            ],
            "project": "sturdy-mode-282002",
            "region": null,
            "timeouts": null,
            "upgrade_settings": [
              {
                "max_surge": 1,
                "max_unavailable": 0
              }
            ],
            "version": "1.14.10-gke.36",
            "zone": null
          },
          "private": "eyJlMmJmYjczMC1lY2FhLTExZTYtOGY4OC0zNDM2M2JjN2M0YzAiOnsiY3JlYXRlIjoxODAwMDAwMDAwMDAwLCJkZWxldGUiOjE4MDAwMDAwMDAwMDAsInVwZGF0ZSI6MTgwMDAwMDAwMDAwMH0sInNjaGVtYV92ZXJzaW9uIjoiMSJ9",
          "dependencies": [
            "google_container_cluster.primary"
          ]
        }
      ]
    }
  ]
}
